# This file is automatically @generated by Cargo.
# It is not intended for manual editing.
version = 4

[[package]]
name = "awaseru"
version = "0.0.0"
dependencies = [
 "awaseru-core",
 "awaseru-snes",
]

[[package]]
name = "awaseru-core"
version = "0.0.0"

[[package]]
name = "awaseru-snes"
version = "0.0.0"
dependencies = [
 "awaseru-core",
]
